// !$*UTF8*$!
{
	archiveVersion = 1;
	classes = {
	};
	objectVersion = 46;
	objects = {

/* Begin PBXBuildFile section */
		90C7EFB40D632D8AE095969A /* Pods_LalamoveDemo.framework in Frameworks */ = {isa = PBXBuildFile; fileRef = 9ADE82708471B5B194DA4DFF /* Pods_LalamoveDemo.framework */; };
		D3C7D1E91EE4060A00CA181F /* AppDelegate.swift in Sources */ = {isa = PBXBuildFile; fileRef = D3C7D1E81EE4060A00CA181F /* AppDelegate.swift */; };
		D3C7D1EB1EE4060A00CA181F /* ViewController.swift in Sources */ = {isa = PBXBuildFile; fileRef = D3C7D1EA1EE4060A00CA181F /* ViewController.swift */; };
		D3C7D1EE1EE4060A00CA181F /* Main.storyboard in Resources */ = {isa = PBXBuildFile; fileRef = D3C7D1EC1EE4060A00CA181F /* Main.storyboard */; };
		D3C7D1F01EE4060A00CA181F /* Assets.xcassets in Resources */ = {isa = PBXBuildFile; fileRef = D3C7D1EF1EE4060A00CA181F /* Assets.xcassets */; };
		D3C7D1F31EE4060A00CA181F /* LaunchScreen.storyboard in Resources */ = {isa = PBXBuildFile; fileRef = D3C7D1F11EE4060A00CA181F /* LaunchScreen.storyboard */; };
		D3C7D1FE1EE4060A00CA181F /* LalamoveDemoTests.swift in Sources */ = {isa = PBXBuildFile; fileRef = D3C7D1FD1EE4060A00CA181F /* LalamoveDemoTests.swift */; };
		D3C7D2091EE4060B00CA181F /* LalamoveDemoUITests.swift in Sources */ = {isa = PBXBuildFile; fileRef = D3C7D2081EE4060B00CA181F /* LalamoveDemoUITests.swift */; };
		D3C7D2171EE40D4300CA181F /* Podfile in Resources */ = {isa = PBXBuildFile; fileRef = D3C7D2161EE40D4300CA181F /* Podfile */; };
		D3C7D2191EE41BF700CA181F /* Log.swift in Sources */ = {isa = PBXBuildFile; fileRef = D3C7D2181EE41BF700CA181F /* Log.swift */; };
/* End PBXBuildFile section */

/* Begin PBXContainerItemProxy section */
		D3C7D1FA1EE4060A00CA181F /* PBXContainerItemProxy */ = {
			isa = PBXContainerItemProxy;
			containerPortal = D3C7D1DD1EE4060A00CA181F /* Project object */;
			proxyType = 1;
			remoteGlobalIDString = D3C7D1E41EE4060A00CA181F;
			remoteInfo = LalamoveDemo;
		};
		D3C7D2051EE4060A00CA181F /* PBXContainerItemProxy */ = {
			isa = PBXContainerItemProxy;
			containerPortal = D3C7D1DD1EE4060A00CA181F /* Project object */;
			proxyType = 1;
			remoteGlobalIDString = D3C7D1E41EE4060A00CA181F;
			remoteInfo = LalamoveDemo;
		};
/* End PBXContainerItemProxy section */

/* Begin PBXFileReference section */
		9ADE82708471B5B194DA4DFF /* Pods_LalamoveDemo.framework */ = {isa = PBXFileReference; explicitFileType = wrapper.framework; includeInIndex = 0; path = Pods_LalamoveDemo.framework; sourceTree = BUILT_PRODUCTS_DIR; };
		AD365B86C0144BE4BCAD9806 /* Pods-LalamoveDemo.release.xcconfig */ = {isa = PBXFileReference; includeInIndex = 1; lastKnownFileType = text.xcconfig; name = "Pods-LalamoveDemo.release.xcconfig"; path = "Pods/Target Support Files/Pods-LalamoveDemo/Pods-LalamoveDemo.release.xcconfig"; sourceTree = "<group>"; };
		C12A36D212D3A071C03622AF /* Pods-LalamoveDemo.debug.xcconfig */ = {isa = PBXFileReference; includeInIndex = 1; lastKnownFileType = text.xcconfig; name = "Pods-LalamoveDemo.debug.xcconfig"; path = "Pods/Target Support Files/Pods-LalamoveDemo/Pods-LalamoveDemo.debug.xcconfig"; sourceTree = "<group>"; };
		D3C7D1E51EE4060A00CA181F /* LalamoveDemo.app */ = {isa = PBXFileReference; explicitFileType = wrapper.application; includeInIndex = 0; path = LalamoveDemo.app; sourceTree = BUILT_PRODUCTS_DIR; };
		D3C7D1E81EE4060A00CA181F /* AppDelegate.swift */ = {isa = PBXFileReference; lastKnownFileType = sourcecode.swift; path = AppDelegate.swift; sourceTree = "<group>"; };
		D3C7D1EA1EE4060A00CA181F /* ViewController.swift */ = {isa = PBXFileReference; lastKnownFileType = sourcecode.swift; path = ViewController.swift; sourceTree = "<group>"; };
		D3C7D1ED1EE4060A00CA181F /* Base */ = {isa = PBXFileReference; lastKnownFileType = file.storyboard; name = Base; path = Base.lproj/Main.storyboard; sourceTree = "<group>"; };
		D3C7D1EF1EE4060A00CA181F /* Assets.xcassets */ = {isa = PBXFileReference; lastKnownFileType = folder.assetcatalog; path = Assets.xcassets; sourceTree = "<group>"; };
		D3C7D1F21EE4060A00CA181F /* Base */ = {isa = PBXFileReference; lastKnownFileType = file.storyboard; name = Base; path = Base.lproj/LaunchScreen.storyboard; sourceTree = "<group>"; };
		D3C7D1F41EE4060A00CA181F /* Info.plist */ = {isa = PBXFileReference; lastKnownFileType = text.plist.xml; path = Info.plist; sourceTree = "<group>"; };
		D3C7D1F91EE4060A00CA181F /* LalamoveDemoTests.xctest */ = {isa = PBXFileReference; explicitFileType = wrapper.cfbundle; includeInIndex = 0; path = LalamoveDemoTests.xctest; sourceTree = BUILT_PRODUCTS_DIR; };
		D3C7D1FD1EE4060A00CA181F /* LalamoveDemoTests.swift */ = {isa = PBXFileReference; lastKnownFileType = sourcecode.swift; path = LalamoveDemoTests.swift; sourceTree = "<group>"; };
		D3C7D1FF1EE4060A00CA181F /* Info.plist */ = {isa = PBXFileReference; lastKnownFileType = text.plist.xml; path = Info.plist; sourceTree = "<group>"; };
		D3C7D2041EE4060A00CA181F /* LalamoveDemoUITests.xctest */ = {isa = PBXFileReference; explicitFileType = wrapper.cfbundle; includeInIndex = 0; path = LalamoveDemoUITests.xctest; sourceTree = BUILT_PRODUCTS_DIR; };
		D3C7D2081EE4060B00CA181F /* LalamoveDemoUITests.swift */ = {isa = PBXFileReference; lastKnownFileType = sourcecode.swift; path = LalamoveDemoUITests.swift; sourceTree = "<group>"; };
		D3C7D20A1EE4060B00CA181F /* Info.plist */ = {isa = PBXFileReference; lastKnownFileType = text.plist.xml; path = Info.plist; sourceTree = "<group>"; };
		D3C7D2161EE40D4300CA181F /* Podfile */ = {isa = PBXFileReference; fileEncoding = 4; lastKnownFileType = text; path = Podfile; sourceTree = "<group>"; xcLanguageSpecificationIdentifier = xcode.lang.ruby; };
		D3C7D2181EE41BF700CA181F /* Log.swift */ = {isa = PBXFileReference; fileEncoding = 4; lastKnownFileType = sourcecode.swift; path = Log.swift; sourceTree = "<group>"; };
/* End PBXFileReference section */

/* Begin PBXFrameworksBuildPhase section */
		D3C7D1E21EE4060A00CA181F /* Frameworks */ = {
			isa = PBXFrameworksBuildPhase;
			buildActionMask = 2147483647;
			files = (
				90C7EFB40D632D8AE095969A /* Pods_LalamoveDemo.framework in Frameworks */,
			);
			runOnlyForDeploymentPostprocessing = 0;
		};
		D3C7D1F61EE4060A00CA181F /* Frameworks */ = {
			isa = PBXFrameworksBuildPhase;
			buildActionMask = 2147483647;
			files = (
			);
			runOnlyForDeploymentPostprocessing = 0;
		};
		D3C7D2011EE4060A00CA181F /* Frameworks */ = {
			isa = PBXFrameworksBuildPhase;
			buildActionMask = 2147483647;
			files = (
			);
			runOnlyForDeploymentPostprocessing = 0;
		};
/* End PBXFrameworksBuildPhase section */

/* Begin PBXGroup section */
		1A1F63777B4CBEA65BE18C00 /* Frameworks */ = {
			isa = PBXGroup;
			children = (
				9ADE82708471B5B194DA4DFF /* Pods_LalamoveDemo.framework */,
			);
			name = Frameworks;
			sourceTree = "<group>";
		};
		7032DDB1055C16CF6E9C2FFA /* Pods */ = {
			isa = PBXGroup;
			children = (
				C12A36D212D3A071C03622AF /* Pods-LalamoveDemo.debug.xcconfig */,
				AD365B86C0144BE4BCAD9806 /* Pods-LalamoveDemo.release.xcconfig */,
			);
			name = Pods;
			sourceTree = "<group>";
		};
		D3C7D1DC1EE4060A00CA181F = {
			isa = PBXGroup;
			children = (
				D3C7D1E71EE4060A00CA181F /* LalamoveDemo */,
				D3C7D1FC1EE4060A00CA181F /* LalamoveDemoTests */,
				D3C7D2071EE4060A00CA181F /* LalamoveDemoUITests */,
				D3C7D1E61EE4060A00CA181F /* Products */,
				7032DDB1055C16CF6E9C2FFA /* Pods */,
				1A1F63777B4CBEA65BE18C00 /* Frameworks */,
				D3C7D2181EE41BF700CA181F /* Log.swift */,
				D3C7D2161EE40D4300CA181F /* Podfile */,
			);
			sourceTree = "<group>";
		};
		D3C7D1E61EE4060A00CA181F /* Products */ = {
			isa = PBXGroup;
			children = (
				D3C7D1E51EE4060A00CA181F /* LalamoveDemo.app */,
				D3C7D1F91EE4060A00CA181F /* LalamoveDemoTests.xctest */,
				D3C7D2041EE4060A00CA181F /* LalamoveDemoUITests.xctest */,
			);
			name = Products;
			sourceTree = "<group>";
		};
		D3C7D1E71EE4060A00CA181F /* LalamoveDemo */ = {
			isa = PBXGroup;
			children = (
				D3C7D1E81EE4060A00CA181F /* AppDelegate.swift */,
				D3C7D1EA1EE4060A00CA181F /* ViewController.swift */,
				D3C7D1EC1EE4060A00CA181F /* Main.storyboard */,
				D3C7D1EF1EE4060A00CA181F /* Assets.xcassets */,
				D3C7D1F11EE4060A00CA181F /* LaunchScreen.storyboard */,
				D3C7D1F41EE4060A00CA181F /* Info.plist */,
			);
			path = LalamoveDemo;
			sourceTree = "<group>";
		};
		D3C7D1FC1EE4060A00CA181F /* LalamoveDemoTests */ = {
			isa = PBXGroup;
			children = (
				D3C7D1FD1EE4060A00CA181F /* LalamoveDemoTests.swift */,
				D3C7D1FF1EE4060A00CA181F /* Info.plist */,
			);
			path = LalamoveDemoTests;
			sourceTree = "<group>";
		};
		D3C7D2071EE4060A00CA181F /* LalamoveDemoUITests */ = {
			isa = PBXGroup;
			children = (
				D3C7D2081EE4060B00CA181F /* LalamoveDemoUITests.swift */,
				D3C7D20A1EE4060B00CA181F /* Info.plist */,
			);
			path = LalamoveDemoUITests;
			sourceTree = "<group>";
		};
/* End PBXGroup section */

/* Begin PBXNativeTarget section */
		D3C7D1E41EE4060A00CA181F /* LalamoveDemo */ = {
			isa = PBXNativeTarget;
			buildConfigurationList = D3C7D20D1EE4060B00CA181F /* Build configuration list for PBXNativeTarget "LalamoveDemo" */;
			buildPhases = (
				D12B85E8A62C837AFFD194CC /* [CP] Check Pods Manifest.lock */,
				D3C7D1E11EE4060A00CA181F /* Sources */,
				D3C7D1E21EE4060A00CA181F /* Frameworks */,
				D3C7D1E31EE4060A00CA181F /* Resources */,
				1E1E96C0D7B34586AC12C13E /* [CP] Embed Pods Frameworks */,
				5DF3EBB5021EE52AFD08FC61 /* [CP] Copy Pods Resources */,
			);
			buildRules = (
			);
			dependencies = (
			);
			name = LalamoveDemo;
			productName = LalamoveDemo;
			productReference = D3C7D1E51EE4060A00CA181F /* LalamoveDemo.app */;
			productType = "com.apple.product-type.application";
		};
		D3C7D1F81EE4060A00CA181F /* LalamoveDemoTests */ = {
			isa = PBXNativeTarget;
			buildConfigurationList = D3C7D2101EE4060B00CA181F /* Build configuration list for PBXNativeTarget "LalamoveDemoTests" */;
			buildPhases = (
				D3C7D1F51EE4060A00CA181F /* Sources */,
				D3C7D1F61EE4060A00CA181F /* Frameworks */,
				D3C7D1F71EE4060A00CA181F /* Resources */,
			);
			buildRules = (
			);
			dependencies = (
				D3C7D1FB1EE4060A00CA181F /* PBXTargetDependency */,
			);
			name = LalamoveDemoTests;
			productName = LalamoveDemoTests;
			productReference = D3C7D1F91EE4060A00CA181F /* LalamoveDemoTests.xctest */;
			productType = "com.apple.product-type.bundle.unit-test";
		};
		D3C7D2031EE4060A00CA181F /* LalamoveDemoUITests */ = {
			isa = PBXNativeTarget;
			buildConfigurationList = D3C7D2131EE4060B00CA181F /* Build configuration list for PBXNativeTarget "LalamoveDemoUITests" */;
			buildPhases = (
				D3C7D2001EE4060A00CA181F /* Sources */,
				D3C7D2011EE4060A00CA181F /* Frameworks */,
				D3C7D2021EE4060A00CA181F /* Resources */,
			);
			buildRules = (
			);
			dependencies = (
				D3C7D2061EE4060A00CA181F /* PBXTargetDependency */,
			);
			name = LalamoveDemoUITests;
			productName = LalamoveDemoUITests;
			productReference = D3C7D2041EE4060A00CA181F /* LalamoveDemoUITests.xctest */;
			productType = "com.apple.product-type.bundle.ui-testing";
		};
/* End PBXNativeTarget section */

/* Begin PBXProject section */
		D3C7D1DD1EE4060A00CA181F /* Project object */ = {
			isa = PBXProject;
			attributes = {
				LastSwiftUpdateCheck = 0830;
				LastUpgradeCheck = 0830;
				ORGANIZATIONNAME = "Eric Cheung";
				TargetAttributes = {
					D3C7D1E41EE4060A00CA181F = {
						CreatedOnToolsVersion = 8.3.2;
						DevelopmentTeam = SMP5B2V6JL;
						ProvisioningStyle = Automatic;
					};
					D3C7D1F81EE4060A00CA181F = {
						CreatedOnToolsVersion = 8.3.2;
						DevelopmentTeam = SMP5B2V6JL;
						ProvisioningStyle = Automatic;
						TestTargetID = D3C7D1E41EE4060A00CA181F;
					};
					D3C7D2031EE4060A00CA181F = {
						CreatedOnToolsVersion = 8.3.2;
						DevelopmentTeam = SMP5B2V6JL;
						ProvisioningStyle = Automatic;
						TestTargetID = D3C7D1E41EE4060A00CA181F;
					};
				};
			};
			buildConfigurationList = D3C7D1E01EE4060A00CA181F /* Build configuration list for PBXProject "LalamoveDemo" */;
			compatibilityVersion = "Xcode 3.2";
			developmentRegion = English;
			hasScannedForEncodings = 0;
			knownRegions = (
				en,
				Base,
			);
			mainGroup = D3C7D1DC1EE4060A00CA181F;
			productRefGroup = D3C7D1E61EE4060A00CA181F /* Products */;
			projectDirPath = "";
			projectRoot = "";
			targets = (
				D3C7D1E41EE4060A00CA181F /* LalamoveDemo */,
				D3C7D1F81EE4060A00CA181F /* LalamoveDemoTests */,
				D3C7D2031EE4060A00CA181F /* LalamoveDemoUITests */,
			);
		};
/* End PBXProject section */

/* Begin PBXResourcesBuildPhase section */
		D3C7D1E31EE4060A00CA181F /* Resources */ = {
			isa = PBXResourcesBuildPhase;
			buildActionMask = 2147483647;
			files = (
				D3C7D1F31EE4060A00CA181F /* LaunchScreen.storyboard in Resources */,
				D3C7D1F01EE4060A00CA181F /* Assets.xcassets in Resources */,
				D3C7D2171EE40D4300CA181F /* Podfile in Resources */,
				D3C7D1EE1EE4060A00CA181F /* Main.storyboard in Resources */,
			);
			runOnlyForDeploymentPostprocessing = 0;
		};
		D3C7D1F71EE4060A00CA181F /* Resources */ = {
			isa = PBXResourcesBuildPhase;
			buildActionMask = 2147483647;
			files = (
			);
			runOnlyForDeploymentPostprocessing = 0;
		};
		D3C7D2021EE4060A00CA181F /* Resources */ = {
			isa = PBXResourcesBuildPhase;
			buildActionMask = 2147483647;
			files = (
			);
			runOnlyForDeploymentPostprocessing = 0;
		};
/* End PBXResourcesBuildPhase section */

/* Begin PBXShellScriptBuildPhase section */
		1E1E96C0D7B34586AC12C13E /* [CP] Embed Pods Frameworks */ = {
			isa = PBXShellScriptBuildPhase;
			buildActionMask = 2147483647;
			files = (
			);
			inputPaths = (
			);
			name = "[CP] Embed Pods Frameworks";
			outputPaths = (
			);
			runOnlyForDeploymentPostprocessing = 0;
			shellPath = /bin/sh;
			shellScript = "\"${SRCROOT}/Pods/Target Support Files/Pods-LalamoveDemo/Pods-LalamoveDemo-frameworks.sh\"\n";
			showEnvVarsInLog = 0;
		};
		5DF3EBB5021EE52AFD08FC61 /* [CP] Copy Pods Resources */ = {
			isa = PBXShellScriptBuildPhase;
			buildActionMask = 2147483647;
			files = (
			);
			inputPaths = (
			);
			name = "[CP] Copy Pods Resources";
			outputPaths = (
			);
			runOnlyForDeploymentPostprocessing = 0;
			shellPath = /bin/sh;
			shellScript = "\"${SRCROOT}/Pods/Target Support Files/Pods-LalamoveDemo/Pods-LalamoveDemo-resources.sh\"\n";
			showEnvVarsInLog = 0;
		};
		D12B85E8A62C837AFFD194CC /* [CP] Check Pods Manifest.lock */ = {
			isa = PBXShellScriptBuildPhase;
			buildActionMask = 2147483647;
			files = (
			);
			inputPaths = (
			);
			name = "[CP] Check Pods Manifest.lock";
			outputPaths = (
			);
			runOnlyForDeploymentPostprocessing = 0;
			shellPath = /bin/sh;
			shellScript = "diff \"${PODS_PODFILE_DIR_PATH}/Podfile.lock\" \"${PODS_ROOT}/Manifest.lock\" > /dev/null\nif [ $? != 0 ] ; then\n    # print error to STDERR\n    echo \"error: The sandbox is not in sync with the Podfile.lock. Run 'pod install' or update your CocoaPods installation.\" >&2\n    exit 1\nfi\n";
			showEnvVarsInLog = 0;
		};
/* End PBXShellScriptBuildPhase section */

/* Begin PBXSourcesBuildPhase section */
		D3C7D1E11EE4060A00CA181F /* Sources */ = {
			isa = PBXSourcesBuildPhase;
			buildActionMask = 2147483647;
			files = (
				D3C7D1EB1EE4060A00CA181F /* ViewController.swift in Sources */,
				D3C7D1E91EE4060A00CA181F /* AppDelegate.swift in Sources */,
				D3C7D2191EE41BF700CA181F /* Log.swift in Sources */,
			);
			runOnlyForDeploymentPostprocessing = 0;
		};
		D3C7D1F51EE4060A00CA181F /* Sources */ = {
			isa = PBXSourcesBuildPhase;
			buildActionMask = 2147483647;
			files = (
				D3C7D1FE1EE4060A00CA181F /* LalamoveDemoTests.swift in Sources */,
			);
			runOnlyForDeploymentPostprocessing = 0;
		};
		D3C7D2001EE4060A00CA181F /* Sources */ = {
			isa = PBXSourcesBuildPhase;
			buildActionMask = 2147483647;
			files = (
				D3C7D2091EE4060B00CA181F /* LalamoveDemoUITests.swift in Sources */,
			);
			runOnlyForDeploymentPostprocessing = 0;
		};
/* End PBXSourcesBuildPhase section */

/* Begin PBXTargetDependency section */
		D3C7D1FB1EE4060A00CA181F /* PBXTargetDependency */ = {
			isa = PBXTargetDependency;
			target = D3C7D1E41EE4060A00CA181F /* LalamoveDemo */;
			targetProxy = D3C7D1FA1EE4060A00CA181F /* PBXContainerItemProxy */;
		};
		D3C7D2061EE4060A00CA181F /* PBXTargetDependency */ = {
			isa = PBXTargetDependency;
			target = D3C7D1E41EE4060A00CA181F /* LalamoveDemo */;
			targetProxy = D3C7D2051EE4060A00CA181F /* PBXContainerItemProxy */;
		};
/* End PBXTargetDependency section */

/* Begin PBXVariantGroup section */
		D3C7D1EC1EE4060A00CA181F /* Main.storyboard */ = {
			isa = PBXVariantGroup;
			children = (
				D3C7D1ED1EE4060A00CA181F /* Base */,
			);
			name = Main.storyboard;
			sourceTree = "<group>";
		};
		D3C7D1F11EE4060A00CA181F /* LaunchScreen.storyboard */ = {
			isa = PBXVariantGroup;
			children = (
				D3C7D1F21EE4060A00CA181F /* Base */,
			);
			name = LaunchScreen.storyboard;
			sourceTree = "<group>";
		};
/* End PBXVariantGroup section */

/* Begin XCBuildConfiguration section */
		D3C7D20B1EE4060B00CA181F /* Debug */ = {
			isa = XCBuildConfiguration;
			buildSettings = {
				ALWAYS_SEARCH_USER_PATHS = NO;
				CLANG_ANALYZER_NONNULL = YES;
				CLANG_ANALYZER_NUMBER_OBJECT_CONVERSION = YES_AGGRESSIVE;
				CLANG_CXX_LANGUAGE_STANDARD = "gnu++0x";
				CLANG_CXX_LIBRARY = "libc++";
				CLANG_ENABLE_MODULES = YES;
				CLANG_ENABLE_OBJC_ARC = YES;
				CLANG_WARN_BOOL_CONVERSION = YES;
				CLANG_WARN_CONSTANT_CONVERSION = YES;
				CLANG_WARN_DIRECT_OBJC_ISA_USAGE = YES_ERROR;
				CLANG_WARN_DOCUMENTATION_COMMENTS = YES;
				CLANG_WARN_EMPTY_BODY = YES;
				CLANG_WARN_ENUM_CONVERSION = YES;
				CLANG_WARN_INFINITE_RECURSION = YES;
				CLANG_WARN_INT_CONVERSION = YES;
				CLANG_WARN_OBJC_ROOT_CLASS = YES_ERROR;
				CLANG_WARN_SUSPICIOUS_MOVE = YES;
				CLANG_WARN_UNREACHABLE_CODE = YES;
				CLANG_WARN__DUPLICATE_METHOD_MATCH = YES;
				"CODE_SIGN_IDENTITY[sdk=iphoneos*]" = "iPhone Developer";
				COPY_PHASE_STRIP = NO;
				DEBUG_INFORMATION_FORMAT = dwarf;
				ENABLE_STRICT_OBJC_MSGSEND = YES;
				ENABLE_TESTABILITY = YES;
				GCC_C_LANGUAGE_STANDARD = gnu99;
				GCC_DYNAMIC_NO_PIC = NO;
				GCC_NO_COMMON_BLOCKS = YES;
				GCC_OPTIMIZATION_LEVEL = 0;
				GCC_PREPROCESSOR_DEFINITIONS = (
					"DEBUG=1",
					"$(inherited)",
				);
				GCC_WARN_64_TO_32_BIT_CONVERSION = YES;
				GCC_WARN_ABOUT_RETURN_TYPE = YES_ERROR;
				GCC_WARN_UNDECLARED_SELECTOR = YES;
				GCC_WARN_UNINITIALIZED_AUTOS = YES_AGGRESSIVE;
				GCC_WARN_UNUSED_FUNCTION = YES;
				GCC_WARN_UNUSED_VARIABLE = YES;
				IPHONEOS_DEPLOYMENT_TARGET = 10.3;
				MTL_ENABLE_DEBUG_INFO = YES;
				ONLY_ACTIVE_ARCH = YES;
				SDKROOT = iphoneos;
				SWIFT_ACTIVE_COMPILATION_CONDITIONS = DEBUG;
				SWIFT_OPTIMIZATION_LEVEL = "-Onone";
			};
			name = Debug;
		};
		D3C7D20C1EE4060B00CA181F /* Release */ = {
			isa = XCBuildConfiguration;
			buildSettings = {
				ALWAYS_SEARCH_USER_PATHS = NO;
				CLANG_ANALYZER_NONNULL = YES;
				CLANG_ANALYZER_NUMBER_OBJECT_CONVERSION = YES_AGGRESSIVE;
				CLANG_CXX_LANGUAGE_STANDARD = "gnu++0x";
				CLANG_CXX_LIBRARY = "libc++";
				CLANG_ENABLE_MODULES = YES;
				CLANG_ENABLE_OBJC_ARC = YES;
				CLANG_WARN_BOOL_CONVERSION = YES;
				CLANG_WARN_CONSTANT_CONVERSION = YES;
				CLANG_WARN_DIRECT_OBJC_ISA_USAGE = YES_ERROR;
				CLANG_WARN_DOCUMENTATION_COMMENTS = YES;
				CLANG_WARN_EMPTY_BODY = YES;
				CLANG_WARN_ENUM_CONVERSION = YES;
				CLANG_WARN_INFINITE_RECURSION = YES;
				CLANG_WARN_INT_CONVERSION = YES;
				CLANG_WARN_OBJC_ROOT_CLASS = YES_ERROR;
				CLANG_WARN_SUSPICIOUS_MOVE = YES;
				CLANG_WARN_UNREACHABLE_CODE = YES;
				CLANG_WARN__DUPLICATE_METHOD_MATCH = YES;
				"CODE_SIGN_IDENTITY[sdk=iphoneos*]" = "iPhone Developer";
				COPY_PHASE_STRIP = NO;
				DEBUG_INFORMATION_FORMAT = "dwarf-with-dsym";
				ENABLE_NS_ASSERTIONS = NO;
				ENABLE_STRICT_OBJC_MSGSEND = YES;
				GCC_C_LANGUAGE_STANDARD = gnu99;
				GCC_NO_COMMON_BLOCKS = YES;
				GCC_WARN_64_TO_32_BIT_CONVERSION = YES;
				GCC_WARN_ABOUT_RETURN_TYPE = YES_ERROR;
				GCC_WARN_UNDECLARED_SELECTOR = YES;
				GCC_WARN_UNINITIALIZED_AUTOS = YES_AGGRESSIVE;
				GCC_WARN_UNUSED_FUNCTION = YES;
				GCC_WARN_UNUSED_VARIABLE = YES;
				IPHONEOS_DEPLOYMENT_TARGET = 10.3;
				MTL_ENABLE_DEBUG_INFO = NO;
				SDKROOT = iphoneos;
				SWIFT_OPTIMIZATION_LEVEL = "-Owholemodule";
				VALIDATE_PRODUCT = YES;
			};
			name = Release;
		};
		D3C7D20E1EE4060B00CA181F /* Debug */ = {
			isa = XCBuildConfiguration;
			baseConfigurationReference = C12A36D212D3A071C03622AF /* Pods-LalamoveDemo.debug.xcconfig */;
			buildSettings = {
				ASSETCATALOG_COMPILER_APPICON_NAME = AppIcon;
				DEVELOPMENT_TEAM = SMP5B2V6JL;
				INFOPLIST_FILE = LalamoveDemo/Info.plist;
				IPHONEOS_DEPLOYMENT_TARGET = 10.0;
				LD_RUNPATH_SEARCH_PATHS = "$(inherited) @executable_path/Frameworks";
				OTHER_SWIFT_FLAGS = "$(inherited) \"-D\" \"COCOAPODS\"";
				PRODUCT_BUNDLE_IDENTIFIER = com.lalamove.LalamoveDemo;
				PRODUCT_NAME = "$(TARGET_NAME)";
				SWIFT_VERSION = 3.0;
			};
			name = Debug;
		};
		D3C7D20F1EE4060B00CA181F /* Release */ = {
			isa = XCBuildConfiguration;
			baseConfigurationReference = AD365B86C0144BE4BCAD9806 /* Pods-LalamoveDemo.release.xcconfig */;
			buildSettings = {
				ASSETCATALOG_COMPILER_APPICON_NAME = AppIcon;
				DEVELOPMENT_TEAM = SMP5B2V6JL;
				INFOPLIST_FILE = LalamoveDemo/Info.plist;
				IPHONEOS_DEPLOYMENT_TARGET = 10.0;
				LD_RUNPATH_SEARCH_PATHS = "$(inherited) @executable_path/Frameworks";
				PRODUCT_BUNDLE_IDENTIFIER = com.lalamove.LalamoveDemo;
				PRODUCT_NAME = "$(TARGET_NAME)";
				SWIFT_VERSION = 3.0;
			};
			name = Release;
		};
		D3C7D2111EE4060B00CA181F /* Debug */ = {
			isa = XCBuildConfiguration;
			buildSettings = {
				ALWAYS_EMBED_SWIFT_STANDARD_LIBRARIES = YES;
				BUNDLE_LOADER = "$(TEST_HOST)";
				DEVELOPMENT_TEAM = SMP5B2V6JL;
				INFOPLIST_FILE = LalamoveDemoTests/Info.plist;
				LD_RUNPATH_SEARCH_PATHS = "$(inherited) @executable_path/Frameworks @loader_path/Frameworks";
				PRODUCT_BUNDLE_IDENTIFIER = com.lalamove.LalamoveDemoTests;
				PRODUCT_NAME = "$(TARGET_NAME)";
				SWIFT_VERSION = 3.0;
				TEST_HOST = "$(BUILT_PRODUCTS_DIR)/LalamoveDemo.app/LalamoveDemo";
			};
			name = Debug;
		};
		D3C7D2121EE4060B00CA181F /* Release */ = {
			isa = XCBuildConfiguration;
			buildSettings = {
				ALWAYS_EMBED_SWIFT_STANDARD_LIBRARIES = YES;
				BUNDLE_LOADER = "$(TEST_HOST)";
				DEVELOPMENT_TEAM = SMP5B2V6JL;
				INFOPLIST_FILE = LalamoveDemoTests/Info.plist;
				LD_RUNPATH_SEARCH_PATHS = "$(inherited) @executable_path/Frameworks @loader_path/Frameworks";
				PRODUCT_BUNDLE_IDENTIFIER = com.lalamove.LalamoveDemoTests;
				PRODUCT_NAME = "$(TARGET_NAME)";
				SWIFT_VERSION = 3.0;
				TEST_HOST = "$(BUILT_PRODUCTS_DIR)/LalamoveDemo.app/LalamoveDemo";
			};
			name = Release;
		};
		D3C7D2141EE4060B00CA181F /* Debug */ = {
			isa = XCBuildConfiguration;
			buildSettings = {
				ALWAYS_EMBED_SWIFT_STANDARD_LIBRARIES = YES;
				DEVELOPMENT_TEAM = SMP5B2V6JL;
				INFOPLIST_FILE = LalamoveDemoUITests/Info.plist;
				LD_RUNPATH_SEARCH_PATHS = "$(inherited) @executable_path/Frameworks @loader_path/Frameworks";
				PRODUCT_BUNDLE_IDENTIFIER = com.lalamove.LalamoveDemoUITests;
				PRODUCT_NAME = "$(TARGET_NAME)";
				SWIFT_VERSION = 3.0;
				TEST_TARGET_NAME = LalamoveDemo;
			};
			name = Debug;
		};
		D3C7D2151EE4060B00CA181F /* Release */ = {
			isa = XCBuildConfiguration;
			buildSettings = {
				ALWAYS_EMBED_SWIFT_STANDARD_LIBRARIES = YES;
				DEVELOPMENT_TEAM = SMP5B2V6JL;
				INFOPLIST_FILE = LalamoveDemoUITests/Info.plist;
				LD_RUNPATH_SEARCH_PATHS = "$(inherited) @executable_path/Frameworks @loader_path/Frameworks";
				PRODUCT_BUNDLE_IDENTIFIER = com.lalamove.LalamoveDemoUITests;
				PRODUCT_NAME = "$(TARGET_NAME)";
				SWIFT_VERSION = 3.0;
				TEST_TARGET_NAME = LalamoveDemo;
			};
			name = Release;
		};
/* End XCBuildConfiguration section */

/* Begin XCConfigurationList section */
		D3C7D1E01EE4060A00CA181F /* Build configuration list for PBXProject "LalamoveDemo" */ = {
			isa = XCConfigurationList;
			buildConfigurations = (
				D3C7D20B1EE4060B00CA181F /* Debug */,
				D3C7D20C1EE4060B00CA181F /* Release */,
			);
			defaultConfigurationIsVisible = 0;
			defaultConfigurationName = Release;
		};
		D3C7D20D1EE4060B00CA181F /* Build configuration list for PBXNativeTarget "LalamoveDemo" */ = {
			isa = XCConfigurationList;
			buildConfigurations = (
				D3C7D20E1EE4060B00CA181F /* Debug */,
				D3C7D20F1EE4060B00CA181F /* Release */,
			);
			defaultConfigurationIsVisible = 0;
			defaultConfigurationName = Release;
		};
		D3C7D2101EE4060B00CA181F /* Build configuration list for PBXNativeTarget "LalamoveDemoTests" */ = {
			isa = XCConfigurationList;
			buildConfigurations = (
				D3C7D2111EE4060B00CA181F /* Debug */,
				D3C7D2121EE4060B00CA181F /* Release */,
			);
			defaultConfigurationIsVisible = 0;
			defaultConfigurationName = Release;
		};
		D3C7D2131EE4060B00CA181F /* Build configuration list for PBXNativeTarget "LalamoveDemoUITests" */ = {
			isa = XCConfigurationList;
			buildConfigurations = (
				D3C7D2141EE4060B00CA181F /* Debug */,
				D3C7D2151EE4060B00CA181F /* Release */,
			);
			defaultConfigurationIsVisible = 0;
			defaultConfigurationName = Release;
		};
/* End XCConfigurationList section */
	};
	rootObject = D3C7D1DD1EE4060A00CA181F /* Project object */;
}
